
Microsoft Visual Studio Solution File, Format Version 12.00
# Visual Studio Version 17
VisualStudioVersion = 17.8.34330.188
MinimumVisualStudioVersion = 10.0.40219.1
Project("{9A19103F-16F7-4668-BE54-9A1E7A4F7556}") = "Ecommerce.API", "Ecommerce.API.csproj", "{B740893B-6729-4278-B9B9-5054EA83EA27}"
EndProject
Project("{9A19103F-16F7-4668-BE54-9A1E7A4F7556}") = "Ecommerce.Infastructoure", "..\EcommerceInfastructoure\Ecommerce.Infastructoure.csproj", "{4B8C0C16-1762-45B8-AFC3-1C3FD3DF0AEE}"
EndProject
Project("{9A19103F-16F7-4668-BE54-9A1E7A4F7556}") = "Ecommerce.Core", "..\EcommerceCore\Ecommerce.Core.csproj", "{E4A19536-AA1B-4550-ABEA-D2032A3328FE}"
EndProject
Global
	GlobalSection(SolutionConfigurationPlatforms) = preSolution
		Debug|Any CPU = Debug|Any CPU
		Release|Any CPU = Release|Any CPU
	EndGlobalSection
	GlobalSection(ProjectConfigurationPlatforms) = postSolution
		{B740893B-6729-4278-B9B9-5054EA83EA27}.Debug|Any CPU.ActiveCfg = Debug|Any CPU
		{B740893B-6729-4278-B9B9-5054EA83EA27}.Debug|Any CPU.Build.0 = Debug|Any CPU
		{B740893B-6729-4278-B9B9-5054EA83EA27}.Release|Any CPU.ActiveCfg = Release|Any CPU
		{B740893B-6729-4278-B9B9-5054EA83EA27}.Release|Any CPU.Build.0 = Release|Any CPU
		{4B8C0C16-1762-45B8-AFC3-1C3FD3DF0AEE}.Debug|Any CPU.ActiveCfg = Debug|Any CPU
		{4B8C0C16-1762-45B8-AFC3-1C3FD3DF0AEE}.Debug|Any CPU.Build.0 = Debug|Any CPU
		{4B8C0C16-1762-45B8-AFC3-1C3FD3DF0AEE}.Release|Any CPU.ActiveCfg = Release|Any CPU
		{4B8C0C16-1762-45B8-AFC3-1C3FD3DF0AEE}.Release|Any CPU.Build.0 = Release|Any CPU
		{E4A19536-AA1B-4550-ABEA-D2032A3328FE}.Debug|Any CPU.ActiveCfg = Debug|Any CPU
		{E4A19536-AA1B-4550-ABEA-D2032A3328FE}.Debug|Any CPU.Build.0 = Debug|Any CPU
		{E4A19536-AA1B-4550-ABEA-D2032A3328FE}.Release|Any CPU.ActiveCfg = Release|Any CPU
		{E4A19536-AA1B-4550-ABEA-D2032A3328FE}.Release|Any CPU.Build.0 = Release|Any CPU
	EndGlobalSection
	GlobalSection(SolutionProperties) = preSolution
		HideSolutionNode = FALSE
	EndGlobalSection
	GlobalSection(ExtensibilityGlobals) = postSolution
		SolutionGuid = {A379439D-970E-4CFE-B3F6-367E8B46A16D}
	EndGlobalSection
EndGlobal
